
Microsoft Visual Studio Solution File, Format Version 12.00
# Visual Studio Version 17
VisualStudioVersion = 17.4.33213.308
MinimumVisualStudioVersion = 10.0.40219.1
Project("{FAE04EC0-301F-11D3-BF4B-00C04F79EFBC}") = "StudentInfoSystem", "StudentInfoSystem\StudentInfoSystem.csproj", "{EFF9769C-2F97-445D-8586-8DAA0A1E651D}"
EndProject
Project("{FAE04EC0-301F-11D3-BF4B-00C04F79EFBC}") = "UserLogin", "UserLogin\UserLogin.csproj", "{65BE1C4B-FF91-42CC-B243-8E971419D8DF}"
EndProject
Project("{FAE04EC0-301F-11D3-BF4B-00C04F79EFBC}") = "WPFhello", "WPFhello\WPFhello.csproj", "{09ECFB33-AB18-4763-9930-640AE37053F8}"
EndProject
Project("{FAE04EC0-301F-11D3-BF4B-00C04F79EFBC}") = "Expenselt", "Expenselt\Expenselt.csproj", "{E7E8DFC8-5F64-409A-9338-13AC44490B46}"
EndProject
Project("{FAE04EC0-301F-11D3-BF4B-00C04F79EFBC}") = "WpfExample", "WpfExample\WpfExample.csproj", "{D4820E11-1844-41FA-AC3D-D3F8DF504440}"
EndProject
Project("{FAE04EC0-301F-11D3-BF4B-00C04F79EFBC}") = "EasyMVVM", "EasyMVVM\EasyMVVM.csproj", "{BE387700-76CF-4817-8CC5-D4906BD35F8E}"
EndProject
Global
	GlobalSection(SolutionConfigurationPlatforms) = preSolution
		Debug|Any CPU = Debug|Any CPU
		Release|Any CPU = Release|Any CPU
	EndGlobalSection
	GlobalSection(ProjectConfigurationPlatforms) = postSolution
		{EFF9769C-2F97-445D-8586-8DAA0A1E651D}.Debug|Any CPU.ActiveCfg = Debug|Any CPU
		{EFF9769C-2F97-445D-8586-8DAA0A1E651D}.Debug|Any CPU.Build.0 = Debug|Any CPU
		{EFF9769C-2F97-445D-8586-8DAA0A1E651D}.Release|Any CPU.ActiveCfg = Release|Any CPU
		{EFF9769C-2F97-445D-8586-8DAA0A1E651D}.Release|Any CPU.Build.0 = Release|Any CPU
		{65BE1C4B-FF91-42CC-B243-8E971419D8DF}.Debug|Any CPU.ActiveCfg = Debug|Any CPU
		{65BE1C4B-FF91-42CC-B243-8E971419D8DF}.Debug|Any CPU.Build.0 = Debug|Any CPU
		{65BE1C4B-FF91-42CC-B243-8E971419D8DF}.Release|Any CPU.ActiveCfg = Release|Any CPU
		{65BE1C4B-FF91-42CC-B243-8E971419D8DF}.Release|Any CPU.Build.0 = Release|Any CPU
		{09ECFB33-AB18-4763-9930-640AE37053F8}.Debug|Any CPU.ActiveCfg = Debug|Any CPU
		{09ECFB33-AB18-4763-9930-640AE37053F8}.Debug|Any CPU.Build.0 = Debug|Any CPU
		{09ECFB33-AB18-4763-9930-640AE37053F8}.Release|Any CPU.ActiveCfg = Release|Any CPU
		{09ECFB33-AB18-4763-9930-640AE37053F8}.Release|Any CPU.Build.0 = Release|Any CPU
		{E7E8DFC8-5F64-409A-9338-13AC44490B46}.Debug|Any CPU.ActiveCfg = Debug|Any CPU
		{E7E8DFC8-5F64-409A-9338-13AC44490B46}.Debug|Any CPU.Build.0 = Debug|Any CPU
		{E7E8DFC8-5F64-409A-9338-13AC44490B46}.Release|Any CPU.ActiveCfg = Release|Any CPU
		{E7E8DFC8-5F64-409A-9338-13AC44490B46}.Release|Any CPU.Build.0 = Release|Any CPU
		{D4820E11-1844-41FA-AC3D-D3F8DF504440}.Debug|Any CPU.ActiveCfg = Debug|Any CPU
		{D4820E11-1844-41FA-AC3D-D3F8DF504440}.Debug|Any CPU.Build.0 = Debug|Any CPU
		{D4820E11-1844-41FA-AC3D-D3F8DF504440}.Release|Any CPU.ActiveCfg = Release|Any CPU
		{D4820E11-1844-41FA-AC3D-D3F8DF504440}.Release|Any CPU.Build.0 = Release|Any CPU
		{BE387700-76CF-4817-8CC5-D4906BD35F8E}.Debug|Any CPU.ActiveCfg = Debug|Any CPU
		{BE387700-76CF-4817-8CC5-D4906BD35F8E}.Debug|Any CPU.Build.0 = Debug|Any CPU
		{BE387700-76CF-4817-8CC5-D4906BD35F8E}.Release|Any CPU.ActiveCfg = Release|Any CPU
		{BE387700-76CF-4817-8CC5-D4906BD35F8E}.Release|Any CPU.Build.0 = Release|Any CPU
	EndGlobalSection
	GlobalSection(SolutionProperties) = preSolution
		HideSolutionNode = FALSE
	EndGlobalSection
	GlobalSection(ExtensibilityGlobals) = postSolution
		SolutionGuid = {42B7FA53-814B-45F2-8E76-986629145C43}
	EndGlobalSection
EndGlobal
